lockfileVersion: '9.0'

settings:
  autoInstallPeers: true
  excludeLinksFromLockfile: false

overrides:
  vite: npm:rolldown-vite@latest

importers:

  .:
    dependencies:
      '@tanstack/vue-query':
        specifier: ^5.83.0
        version: 5.83.0(vue@3.5.18(typescript@5.8.3))
      '@tauri-apps/api':
        specifier: ^2
        version: 2.7.0
      '@tauri-apps/plugin-dialog':
        specifier: ^2
        version: 2.3.1
      '@tauri-apps/plugin-fs':
        specifier: ^2
        version: 2.4.1
      '@tauri-apps/plugin-opener':
        specifier: ^2
        version: 2.4.0
      '@tauri-apps/plugin-sql':
        specifier: ^2
        version: 2.3.0
      '@vueuse/core':
        specifier: ^13.5.0
        version: 13.5.0(vue@3.5.18(typescript@5.8.3))
      naive-ui:
        specifier: ^2.42.0
        version: 2.42.0(vue@3.5.18(typescript@5.8.3))
      pinia:
        specifier: ^3.0.3
        version: 3.0.3(typescript@5.8.3)(vue@3.5.18(typescript@5.8.3))
      pinyin-pro:
        specifier: ^3.26.0
        version: 3.26.0
      vue:
        specifier: ^3.5.13
        version: 3.5.18(typescript@5.8.3)
      vue-draggable-next:
        specifier: ^2.2.1
        version: 2.2.1(sortablejs@1.15.6)(vue@3.5.18(typescript@5.8.3))
    devDependencies:
      '@tauri-apps/cli':
        specifier: ^2
        version: 2.7.1
      '@types/node':
        specifier: ^22.10.5
        version: 22.16.5
      '@vitejs/plugin-vue':
        specifier: 6.0.0
        version: 6.0.0(rolldown-vite@7.0.11(@types/node@22.16.5))(vue@3.5.18(typescript@5.8.3))
      typescript:
        specifier: 5.8.3
        version: 5.8.3
      vite:
        specifier: npm:rolldown-vite@latest
        version: rolldown-vite@7.0.11(@types/node@22.16.5)
      vue-tsc:
        specifier: 3.0.4
        version: 3.0.4(typescript@5.8.3)

packages:

  '@babel/helper-string-parser@7.27.1':
    resolution: {integrity: sha512-qMlSxKbpRlAridDExk92nSobyDdpPijUq2DW6oDnUqd0iOGxmQjyqhMIihI9+zv4LPyZdRje2cavWPbCbWm3eA==}
    engines: {node: '>=6.9.0'}

  '@babel/helper-validator-identifier@7.27.1':
    resolution: {integrity: sha512-D2hP9eA+Sqx1kBZgzxZh0y1trbuU+JoDkiEwqhQ36nodYqJwyEIhPSdMNd7lOm/4io72luTPWH20Yda0xOuUow==}
    engines: {node: '>=6.9.0'}

  '@babel/parser@7.28.0':
    resolution: {integrity: sha512-jVZGvOxOuNSsuQuLRTh13nU0AogFlw32w/MT+LV6D3sP5WdbW61E77RnkbaO2dUvmPAYrBDJXGn5gGS6tH4j8g==}
    engines: {node: '>=6.0.0'}
    hasBin: true

  '@babel/types@7.28.2':
    resolution: {integrity: sha512-ruv7Ae4J5dUYULmeXw1gmb7rYRz57OWCPM57pHojnLq/3Z1CK2lNSLTCVjxVk1F/TZHwOZZrOWi0ur95BbLxNQ==}
    engines: {node: '>=6.9.0'}

  '@css-render/plugin-bem@0.15.14':
    resolution: {integrity: sha512-QK513CJ7yEQxm/P3EwsI+d+ha8kSOcjGvD6SevM41neEMxdULE+18iuQK6tEChAWMOQNQPLG/Rw3Khb69r5neg==}
    peerDependencies:
      css-render: ~0.15.14

  '@css-render/vue3-ssr@0.15.14':
    resolution: {integrity: sha512-//8027GSbxE9n3QlD73xFY6z4ZbHbvrOVB7AO6hsmrEzGbg+h2A09HboUyDgu+xsmj7JnvJD39Irt+2D0+iV8g==}
    peerDependencies:
      vue: ^3.0.11

  '@emnapi/core@1.4.5':
    resolution: {integrity: sha512-XsLw1dEOpkSX/WucdqUhPWP7hDxSvZiY+fsUC14h+FtQ2Ifni4znbBt8punRX+Uj2JG/uDb8nEHVKvrVlvdZ5Q==}

  '@emnapi/runtime@1.4.5':
    resolution: {integrity: sha512-++LApOtY0pEEz1zrd9vy1/zXVaVJJ/EbAF3u0fXIzPJEDtnITsBGbbK0EkM72amhl/R5b+5xx0Y/QhcVOpuulg==}

  '@emnapi/wasi-threads@1.0.4':
    resolution: {integrity: sha512-PJR+bOmMOPH8AtcTGAyYNiuJ3/Fcoj2XN/gBEWzDIKh254XO+mM9XoXHk5GNEhodxeMznbg7BlRojVbKN+gC6g==}

  '@emotion/hash@0.8.0':
    resolution: {integrity: sha512-kBJtf7PH6aWwZ6fka3zQ0p6SBYzx4fl1LoZXE2RrnYST9Xljm7WfKJrU4g/Xr3Beg72MLrp1AWNUmuYJTL7Cow==}

  '@jridgewell/sourcemap-codec@1.5.4':
    resolution: {integrity: sha512-VT2+G1VQs/9oz078bLrYbecdZKs912zQlkelYpuf+SXF+QvZDYJlbx/LSx+meSAwdDFnF8FVXW92AVjjkVmgFw==}

  '@juggle/resize-observer@3.4.0':
    resolution: {integrity: sha512-dfLbk+PwWvFzSxwk3n5ySL0hfBog779o8h68wK/7/APo/7cgyWp5jcXockbxdk5kFRkbeXWm4Fbi9FrdN381sA==}

  '@napi-rs/wasm-runtime@1.0.1':
    resolution: {integrity: sha512-KVlQ/jgywZpixGCKMNwxStmmbYEMyokZpCf2YuIChhfJA2uqfAKNEM8INz7zzTo55iEXfBhIIs3VqYyqzDLj8g==}

  '@oxc-project/runtime@0.77.3':
    resolution: {integrity: sha512-vsC/ewcGJ7xXnnwZkku7rpPH5Lxb5g4J+V6lD9eBTnRLmXVXM7Qu50y+ozD+UD5IXaSoVOvVMGTT4YSNCz2MQQ==}
    engines: {node: '>=6.9.0'}

  '@oxc-project/types@0.77.3':
    resolution: {integrity: sha512-5Vh+neJhhxuF0lYCjZXbxjqm2EO6YJ1jG+KuHntrd6VY67OMpYhWq2cZhUhy+xL9qLJVJRaeII7Xj9fciA6v7A==}

  '@rolldown/binding-android-arm64@1.0.0-beta.29':
    resolution: {integrity: sha512-pDv7gg59Gdy80eFmMkEqXEaoJi3Y9W/a9T3z9M4t8Ma8aVXNldvSy9UgtlX7AK7DPqF8tULnmIZ2Z3rvGMz/NQ==}
    cpu: [arm64]
    os: [android]

  '@rolldown/binding-darwin-arm64@1.0.0-beta.29':
    resolution: {integrity: sha512-fPqR6TfTqbzgKKCQYtcCS+Dms91YcptTbdlwJ13DxOUgMe8LgDIVsLLlEykfm7ijJd5mM4zNw0Hr2CJb6kvQZw==}
    cpu: [arm64]
    os: [darwin]

  '@rolldown/binding-darwin-x64@1.0.0-beta.29':
    resolution: {integrity: sha512-7Z4qosL0xN8i6++txHOEPCVP3/lcGLOvftUJOWATZ5aDkDskwcZDa66BGiJt/K1/DgW4kpRVmnGWUWAORHBbFA==}
    cpu: [x64]
    os: [darwin]

  '@rolldown/binding-freebsd-x64@1.0.0-beta.29':
    resolution: {integrity: sha512-0HLTfPW5Glh608s76qgayN/nPsXPchNUumavf7W5nh1eMG6qBsOO7Q1QaK0v4un7qtsn3IA/1Tgq0ZgNc0dbeg==}
    cpu: [x64]
    os: [freebsd]

  '@rolldown/binding-linux-arm-gnueabihf@1.0.0-beta.29':
    resolution: {integrity: sha512-QNboxdVTJOZS4zP8kA2+XUwAegejd5QNSH5zVR4neqG2AfbxRcMFzSVRkJHN6yDaaKweD/4sUvXfmef6p/7zsw==}
    cpu: [arm]
    os: [linux]

  '@rolldown/binding-linux-arm64-gnu@1.0.0-beta.29':
    resolution: {integrity: sha512-hzBmOtYdC4369XxN2SNJ3oBlXKWNif3ieWBT+oh/qvAeox4fQR0ngqyh+kIGOufBnP5Zc2rqJf9LzIbJw3Tx/Q==}
    cpu: [arm64]
    os: [linux]
    libc: [glibc]

  '@rolldown/binding-linux-arm64-musl@1.0.0-beta.29':
    resolution: {integrity: sha512-6B35GmFJJ4RX88OgubrnUmuJBUgRh6/OTXIpy8m/VUnoc683lufIPo26HW/0LxLgxp2GM7KHr3LOULcVxbqq4Q==}
    cpu: [arm64]
    os: [linux]
    libc: [musl]

  '@rolldown/binding-linux-arm64-ohos@1.0.0-beta.29':
    resolution: {integrity: sha512-z3ru8fUCunQM8q9I7RbDVMT5cxzxVVVBNNKM5/qAQQrdObd1u8g0LR5z0yLtaFWzybwLVdPtJDRcXtLm5tOBFA==}
    cpu: [arm64]
    os: [openharmony]

  '@rolldown/binding-linux-x64-gnu@1.0.0-beta.29':
    resolution: {integrity: sha512-n6fs4L7j99MIiI6vKhQDdyScv4/uMAPtIMkB0zGbUX8MKWT1osym1hvWVdlENjnS/Phf0zzhjyOgoFDzdhI1cQ==}
    cpu: [x64]
    os: [linux]
    libc: [glibc]

  '@rolldown/binding-linux-x64-musl@1.0.0-beta.29':
    resolution: {integrity: sha512-C5hcJgtDN4rp6/WsPTQSDVUWrdnIC//ynMGcUIh1O0anm9KnSy47zKQ5D9EqtlEKvO+2PPqmyUVJ2DTq18nlVA==}
    cpu: [x64]
    os: [linux]
    libc: [musl]

  '@rolldown/binding-wasm32-wasi@1.0.0-beta.29':
    resolution: {integrity: sha512-lMN1IBItdZFO182Sdus9oVuNDqyIymn/bsR5KwgeGaiqLsrmpQHBSLwkS/nKJO1nzYlpGDRugFSpnrSJ5ZmihQ==}
    engines: {node: '>=14.0.0'}
    cpu: [wasm32]

  '@rolldown/binding-win32-arm64-msvc@1.0.0-beta.29':
    resolution: {integrity: sha512-0UrXCUAOrbWdyVJskzjtne/4d3YMMhhhpBnob3SeF4jAvbKYqPhCZJ71pP7yUpvbowGXXTnHWpKfitg4Sovmtw==}
    cpu: [arm64]
    os: [win32]

  '@rolldown/binding-win32-ia32-msvc@1.0.0-beta.29':
    resolution: {integrity: sha512-YX0OYL1dcB7rPnsndpEa68fytYyZZj1iaWzH7momFB2oBS2lXAe1UrrDWcdLoUXdzPIyzpvtBCiS2XcDgYG7ag==}
    cpu: [ia32]
    os: [win32]

  '@rolldown/binding-win32-x64-msvc@1.0.0-beta.29':
    resolution: {integrity: sha512-azrPWbV+NZiCFNs59AgH9Y6vFKHoAI6T/XtKKsoLxkPyP1LpbdgL5eqRfeWz+GCAUY9qhDOC4hH1GjFG8PrZIg==}
    cpu: [x64]
    os: [win32]

  '@rolldown/pluginutils@1.0.0-beta.19':
    resolution: {integrity: sha512-3FL3mnMbPu0muGOCaKAhhFEYmqv9eTfPSJRJmANrCwtgK8VuxpsZDGK+m0LYAGoyO8+0j5uRe4PeyPDK1yA/hA==}

  '@rolldown/pluginutils@1.0.0-beta.29':
    resolution: {integrity: sha512-NIJgOsMjbxAXvoGq/X0gD7VPMQ8j9g0BiDaNjVNVjvl+iKXxL3Jre0v31RmBYeLEmkbj2s02v8vFTbUXi5XS2Q==}

  '@tanstack/match-sorter-utils@8.19.4':
    resolution: {integrity: sha512-Wo1iKt2b9OT7d+YGhvEPD3DXvPv2etTusIMhMUoG7fbhmxcXCtIjJDEygy91Y2JFlwGyjqiBPRozme7UD8hoqg==}
    engines: {node: '>=12'}

  '@tanstack/query-core@5.83.0':
    resolution: {integrity: sha512-0M8dA+amXUkyz5cVUm/B+zSk3xkQAcuXuz5/Q/LveT4ots2rBpPTZOzd7yJa2Utsf8D2Upl5KyjhHRY+9lB/XA==}

  '@tanstack/vue-query@5.83.0':
    resolution: {integrity: sha512-sC3nnFEyAPOV4aGgt36ILrFIoR42UzRb+kqva96tiT3c80PCX99wDnVC5P01uxw6b3PaH7AD60HFFLBMFCKYow==}
    peerDependencies:
      '@vue/composition-api': ^1.1.2
      vue: ^2.6.0 || ^3.3.0
    peerDependenciesMeta:
      '@vue/composition-api':
        optional: true

  '@tauri-apps/api@2.7.0':
    resolution: {integrity: sha512-v7fVE8jqBl8xJFOcBafDzXFc8FnicoH3j8o8DNNs0tHuEBmXUDqrCOAzMRX0UkfpwqZLqvrvK0GNQ45DfnoVDg==}

  '@tauri-apps/cli-darwin-arm64@2.7.1':
    resolution: {integrity: sha512-j2NXQN6+08G03xYiyKDKqbCV2Txt+hUKg0a8hYr92AmoCU8fgCjHyva/p16lGFGUG3P2Yu0xiNe1hXL9ZuRMzA==}
    engines: {node: '>= 10'}
    cpu: [arm64]
    os: [darwin]

  '@tauri-apps/cli-darwin-x64@2.7.1':
    resolution: {integrity: sha512-CdYAefeM35zKsc91qIyKzbaO7FhzTyWKsE8hj7tEJ1INYpoh1NeNNyL/NSEA3Nebi5ilugioJ5tRK8ZXG8y3gw==}
    engines: {node: '>= 10'}
    cpu: [x64]
    os: [darwin]

  '@tauri-apps/cli-linux-arm-gnueabihf@2.7.1':
    resolution: {integrity: sha512-dnvyJrTA1UJxJjQ8q1N/gWomjP8Twij1BUQu2fdcT3OPpqlrbOk5R1yT0oD/721xoKNjroB5BXCsmmlykllxNg==}
    engines: {node: '>= 10'}
    cpu: [arm]
    os: [linux]

  '@tauri-apps/cli-linux-arm64-gnu@2.7.1':
    resolution: {integrity: sha512-FtBW6LJPNRTws3qyUc294AqCWU91l/H0SsFKq6q4Q45MSS4x6wxLxou8zB53tLDGEPx3JSoPLcDaSfPlSbyujQ==}
    engines: {node: '>= 10'}
    cpu: [arm64]
    os: [linux]
    libc: [glibc]

  '@tauri-apps/cli-linux-arm64-musl@2.7.1':
    resolution: {integrity: sha512-/HXY0t4FHkpFzjeYS5c16mlA6z0kzn5uKLWptTLTdFSnYpr8FCnOP4Sdkvm2TDQPF2ERxXtNCd+WR/jQugbGnA==}
    engines: {node: '>= 10'}
    cpu: [arm64]
    os: [linux]
    libc: [musl]

  '@tauri-apps/cli-linux-riscv64-gnu@2.7.1':
    resolution: {integrity: sha512-GeW5lVI2GhhnaYckiDzstG2j2Jwlud5d2XefRGwlOK+C/bVGLT1le8MNPYK8wgRlpeK8fG1WnJJYD6Ke7YQ8bg==}
    engines: {node: '>= 10'}
    cpu: [riscv64]
    os: [linux]
    libc: [glibc]

  '@tauri-apps/cli-linux-x64-gnu@2.7.1':
    resolution: {integrity: sha512-DprxKQkPxIPYwUgg+cscpv2lcIUhn2nxEPlk0UeaiV9vATxCXyytxr1gLcj3xgjGyNPlM0MlJyYaPy1JmRg1cA==}
    engines: {node: '>= 10'}
    cpu: [x64]
    os: [linux]
    libc: [glibc]

  '@tauri-apps/cli-linux-x64-musl@2.7.1':
    resolution: {integrity: sha512-KLlq3kOK7OUyDR757c0zQjPULpGZpLhNB0lZmZpHXvoOUcqZoCXJHh4dT/mryWZJp5ilrem5l8o9ngrDo0X1AA==}
    engines: {node: '>= 10'}
    cpu: [x64]
    os: [linux]
    libc: [musl]

  '@tauri-apps/cli-win32-arm64-msvc@2.7.1':
    resolution: {integrity: sha512-dH7KUjKkSypCeWPiainHyXoES3obS+JIZVoSwSZfKq2gWgs48FY3oT0hQNYrWveE+VR4VoR3b/F3CPGbgFvksA==}
    engines: {node: '>= 10'}
    cpu: [arm64]
    os: [win32]

  '@tauri-apps/cli-win32-ia32-msvc@2.7.1':
    resolution: {integrity: sha512-1oeibfyWQPVcijOrTg709qhbXArjX3x1MPjrmA5anlygwrbByxLBcLXvotcOeULFcnH2FYUMMLLant8kgvwE5A==}
    engines: {node: '>= 10'}
    cpu: [ia32]
    os: [win32]

  '@tauri-apps/cli-win32-x64-msvc@2.7.1':
    resolution: {integrity: sha512-D7Q9kDObutuirCNLxYQ7KAg2Xxg99AjcdYz/KuMw5HvyEPbkC9Q7JL0vOrQOrHEHxIQ2lYzFOZvKKoC2yyqXcg==}
    engines: {node: '>= 10'}
    cpu: [x64]
    os: [win32]

  '@tauri-apps/cli@2.7.1':
    resolution: {integrity: sha512-RcGWR4jOUEl92w3uvI0h61Llkfj9lwGD1iwvDRD2isMrDhOzjeeeVn9aGzeW1jubQ/kAbMYfydcA4BA0Cy733Q==}
    engines: {node: '>= 10'}
    hasBin: true

  '@tauri-apps/plugin-dialog@2.3.1':
    resolution: {integrity: sha512-B7jvyhycV8SI/WHzPjciwtYfdFM6/9EXuMjRgYWZwn8GPDmHxpT80aJdb/eDVN+NgoAFDh9bu4QPonYahoYnZQ==}

  '@tauri-apps/plugin-fs@2.4.1':
    resolution: {integrity: sha512-vJlKZVGF3UAFGoIEVT6Oq5L4HGDCD78WmA4uhzitToqYiBKWAvZR61M6zAyQzHqLs0ADemkE4RSy/5sCmZm6ZQ==}

  '@tauri-apps/plugin-opener@2.4.0':
    resolution: {integrity: sha512-43VyN8JJtvKWJY72WI/KNZszTpDpzHULFxQs0CJBIYUdCRowQ6Q1feWTDb979N7nldqSuDOaBupZ6wz2nvuWwQ==}

  '@tauri-apps/plugin-sql@2.3.0':
    resolution: {integrity: sha512-JYwIocfsLaDWa41LMiZWuzts7yCJR+EpZPRmgpO7Gd7XiAS9S67dKz306j/k/d9XntB0YopMRBol2OIWMschuA==}

  '@tybys/wasm-util@0.10.0':
    resolution: {integrity: sha512-VyyPYFlOMNylG45GoAe0xDoLwWuowvf92F9kySqzYh8vmYm7D2u4iUJKa1tOUpS70Ku13ASrOkS4ScXFsTaCNQ==}

  '@types/katex@0.16.7':
    resolution: {integrity: sha512-HMwFiRujE5PjrgwHQ25+bsLJgowjGjm5Z8FVSf0N6PwgJrwxH0QxzHYDcKsTfV3wva0vzrpqMTJS2jXPr5BMEQ==}

  '@types/lodash-es@4.17.12':
    resolution: {integrity: sha512-0NgftHUcV4v34VhXm8QBSftKVXtbkBG3ViCjs6+eJ5a6y6Mi/jiFGPc1sC7QK+9BFhWrURE3EOggmWaSxL9OzQ==}

  '@types/lodash@4.17.20':
    resolution: {integrity: sha512-H3MHACvFUEiujabxhaI/ImO6gUrd8oOurg7LQtS7mbwIXA/cUqWrvBsaeJ23aZEPk1TAYkurjfMbSELfoCXlGA==}

  '@types/node@22.16.5':
    resolution: {integrity: sha512-bJFoMATwIGaxxx8VJPeM8TonI8t579oRvgAuT8zFugJsJZgzqv0Fu8Mhp68iecjzG7cnN3mO2dJQ5uUM2EFrgQ==}

  '@types/web-bluetooth@0.0.21':
    resolution: {integrity: sha512-oIQLCGWtcFZy2JW77j9k8nHzAOpqMHLQejDA48XXMWH6tjCQHz5RCFz1bzsmROyL6PUm+LLnUiI4BCn221inxA==}

  '@vitejs/plugin-vue@6.0.0':
    resolution: {integrity: sha512-iAliE72WsdhjzTOp2DtvKThq1VBC4REhwRcaA+zPAAph6I+OQhUXv+Xu2KS7ElxYtb7Zc/3R30Hwv1DxEo7NXQ==}
    engines: {node: ^20.19.0 || >=22.12.0}
    peerDependencies:
      vite: ^5.0.0 || ^6.0.0 || ^7.0.0
      vue: ^3.2.25

  '@volar/language-core@2.4.20':
    resolution: {integrity: sha512-dRDF1G33xaAIDqR6+mXUIjXYdu9vzSxlMGfMEwBxQsfY/JMUEXSpLTR057oTKlUQ2nIvCmP9k94A8h8z2VrNSA==}

  '@volar/source-map@2.4.20':
    resolution: {integrity: sha512-mVjmFQH8mC+nUaVwmbxoYUy8cww+abaO8dWzqPUjilsavjxH0jCJ3Mp8HFuHsdewZs2c+SP+EO7hCd8Z92whJg==}

  '@volar/typescript@2.4.20':
    resolution: {integrity: sha512-Oc4DczPwQyXcVbd+5RsNEqX6ia0+w3p+klwdZQ6ZKhFjWoBP9PCPQYlKYRi/tDemWphW93P/Vv13vcE9I9D2GQ==}

  '@vue/compiler-core@3.5.18':
    resolution: {integrity: sha512-3slwjQrrV1TO8MoXgy3aynDQ7lslj5UqDxuHnrzHtpON5CBinhWjJETciPngpin/T3OuW3tXUf86tEurusnztw==}

  '@vue/compiler-dom@3.5.18':
    resolution: {integrity: sha512-RMbU6NTU70++B1JyVJbNbeFkK+A+Q7y9XKE2EM4NLGm2WFR8x9MbAtWxPPLdm0wUkuZv9trpwfSlL6tjdIa1+A==}

  '@vue/compiler-sfc@3.5.18':
    resolution: {integrity: sha512-5aBjvGqsWs+MoxswZPoTB9nSDb3dhd1x30xrrltKujlCxo48j8HGDNj3QPhF4VIS0VQDUrA1xUfp2hEa+FNyXA==}

  '@vue/compiler-ssr@3.5.18':
    resolution: {integrity: sha512-xM16Ak7rSWHkM3m22NlmcdIM+K4BMyFARAfV9hYFl+SFuRzrZ3uGMNW05kA5pmeMa0X9X963Kgou7ufdbpOP9g==}

  '@vue/compiler-vue2@2.7.16':
    resolution: {integrity: sha512-qYC3Psj9S/mfu9uVi5WvNZIzq+xnXMhOwbTFKKDD7b1lhpnn71jXSFdTQ+WsIEk0ONCd7VV2IMm7ONl6tbQ86A==}

  '@vue/devtools-api@6.6.4':
    resolution: {integrity: sha512-sGhTPMuXqZ1rVOk32RylztWkfXTRhuS7vgAKv0zjqk8gbsHkJ7xfFf+jbySxt7tWObEJwyKaHMikV/WGDiQm8g==}

  '@vue/devtools-api@7.7.7':
    resolution: {integrity: sha512-lwOnNBH2e7x1fIIbVT7yF5D+YWhqELm55/4ZKf45R9T8r9dE2AIOy8HKjfqzGsoTHFbWbr337O4E0A0QADnjBg==}

  '@vue/devtools-kit@7.7.7':
    resolution: {integrity: sha512-wgoZtxcTta65cnZ1Q6MbAfePVFxfM+gq0saaeytoph7nEa7yMXoi6sCPy4ufO111B9msnw0VOWjPEFCXuAKRHA==}

  '@vue/devtools-shared@7.7.7':
    resolution: {integrity: sha512-+udSj47aRl5aKb0memBvcUG9koarqnxNM5yjuREvqwK6T3ap4mn3Zqqc17QrBFTqSMjr3HK1cvStEZpMDpfdyw==}

  '@vue/language-core@3.0.4':
    resolution: {integrity: sha512-BvueED4LfBCSNH66eeUQk37MQCb7hjdezzGgxniM0LbriW53AJIyLorgshAtStmjfsAuOCcTl/c1b+nz/ye8xQ==}
    peerDependencies:
      typescript: '*'
    peerDependenciesMeta:
      typescript:
        optional: true

  '@vue/reactivity@3.5.18':
    resolution: {integrity: sha512-x0vPO5Imw+3sChLM5Y+B6G1zPjwdOri9e8V21NnTnlEvkxatHEH5B5KEAJcjuzQ7BsjGrKtfzuQ5eQwXh8HXBg==}

  '@vue/runtime-core@3.5.18':
    resolution: {integrity: sha512-DUpHa1HpeOQEt6+3nheUfqVXRog2kivkXHUhoqJiKR33SO4x+a5uNOMkV487WPerQkL0vUuRvq/7JhRgLW3S+w==}

  '@vue/runtime-dom@3.5.18':
    resolution: {integrity: sha512-YwDj71iV05j4RnzZnZtGaXwPoUWeRsqinblgVJwR8XTXYZ9D5PbahHQgsbmzUvCWNF6x7siQ89HgnX5eWkr3mw==}

  '@vue/server-renderer@3.5.18':
    resolution: {integrity: sha512-PvIHLUoWgSbDG7zLHqSqaCoZvHi6NNmfVFOqO+OnwvqMz/tqQr3FuGWS8ufluNddk7ZLBJYMrjcw1c6XzR12mA==}
    peerDependencies:
      vue: 3.5.18

  '@vue/shared@3.5.18':
    resolution: {integrity: sha512-cZy8Dq+uuIXbxCZpuLd2GJdeSO/lIzIspC2WtkqIpje5QyFbvLaI5wZtdUjLHjGZrlVX6GilejatWwVYYRc8tA==}

  '@vueuse/core@13.5.0':
    resolution: {integrity: sha512-wV7z0eUpifKmvmN78UBZX8T7lMW53Nrk6JP5+6hbzrB9+cJ3jr//hUlhl9TZO/03bUkMK6gGkQpqOPWoabr72g==}
    peerDependencies:
      vue: ^3.5.0

  '@vueuse/metadata@13.5.0':
    resolution: {integrity: sha512-euhItU3b0SqXxSy8u1XHxUCdQ8M++bsRs+TYhOLDU/OykS7KvJnyIFfep0XM5WjIFry9uAPlVSjmVHiqeshmkw==}

  '@vueuse/shared@13.5.0':
    resolution: {integrity: sha512-K7GrQIxJ/ANtucxIXbQlUHdB0TPA8c+q5i+zbrjxuhJCnJ9GtBg75sBSnvmLSxHKPg2Yo8w62PWksl9kwH0Q8g==}
    peerDependencies:
      vue: ^3.5.0

  alien-signals@2.0.5:
    resolution: {integrity: sha512-PdJB6+06nUNAClInE3Dweq7/2xVAYM64vvvS1IHVHSJmgeOtEdrAGyp7Z2oJtYm0B342/Exd2NT0uMJaThcjLQ==}

  ansis@4.1.0:
    resolution: {integrity: sha512-BGcItUBWSMRgOCe+SVZJ+S7yTRG0eGt9cXAHev72yuGcY23hnLA7Bky5L/xLyPINoSN95geovfBkqoTlNZYa7w==}
    engines: {node: '>=14'}

  async-validator@4.2.5:
    resolution: {integrity: sha512-7HhHjtERjqlNbZtqNqy2rckN/SpOOlmDliet+lP7k+eKZEjPk3DgyeU9lIXLdeLz0uBbbVp+9Qdow9wJWgwwfg==}

  birpc@2.5.0:
    resolution: {integrity: sha512-VSWO/W6nNQdyP520F1mhf+Lc2f8pjGQOtoHHm7Ze8Go1kX7akpVIrtTa0fn+HB0QJEDVacl6aO08YE0PgXfdnQ==}

  copy-anything@3.0.5:
    resolution: {integrity: sha512-yCEafptTtb4bk7GLEQoM8KVJpxAfdBJYaXyzQEgQQQgYrZiDp8SJmGKlYza6CYjEDNstAdNdKA3UuoULlEbS6w==}
    engines: {node: '>=12.13'}

  css-render@0.15.14:
    resolution: {integrity: sha512-9nF4PdUle+5ta4W5SyZdLCCmFd37uVimSjg1evcTqKJCyvCEEj12WKzOSBNak6r4im4J4iYXKH1OWpUV5LBYFg==}

  csstype@3.0.11:
    resolution: {integrity: sha512-sa6P2wJ+CAbgyy4KFssIb/JNMLxFvKF1pCYCSXS8ZMuqZnMsrxqI2E5sPyoTpxoPU/gVZMzr2zjOfg8GIZOMsw==}

  csstype@3.1.3:
    resolution: {integrity: sha512-M1uQkMl8rQK/szD0LNhtqxIPLpimGm8sOBwU7lLnCpSbTyY3yeU1Vc7l4KT5zT4s/yOxHH5O7tIuuLOCnLADRw==}

  date-fns-tz@3.2.0:
    resolution: {integrity: sha512-sg8HqoTEulcbbbVXeg84u5UnlsQa8GS5QXMqjjYIhS4abEVVKIUwe0/l/UhrZdKaL/W5eWZNlbTeEIiOXTcsBQ==}
    peerDependencies:
      date-fns: ^3.0.0 || ^4.0.0

  date-fns@3.6.0:
    resolution: {integrity: sha512-fRHTG8g/Gif+kSh50gaGEdToemgfj74aRX3swtiouboip5JDLAyDE9F11nHMIcvOaXeOC6D7SpNhi7uFyB7Uww==}

  de-indent@1.0.2:
    resolution: {integrity: sha512-e/1zu3xH5MQryN2zdVaF0OrdNLUbvWxzMbi+iNA6Bky7l1RoP8a2fIbRocyHclXt/arDrrR6lL3TqFD9pMQTsg==}

  detect-libc@2.0.4:
    resolution: {integrity: sha512-3UDv+G9CsCKO1WKMGw9fwq/SWJYbI0c5Y7LU1AXYoDdbhE2AHQ6N6Nb34sG8Fj7T5APy8qXDCKuuIHd1BR0tVA==}
    engines: {node: '>=8'}

  entities@4.5.0:
    resolution: {integrity: sha512-V0hjH4dGPh9Ao5p0MoRY6BVqtwCjhz6vI5LT8AJ55H+4g9/4vbHx1I54fS0XuclLhDHArPQCiMjDxjaL8fPxhw==}
    engines: {node: '>=0.12'}

  estree-walker@2.0.2:
    resolution: {integrity: sha512-Rfkk/Mp/DL7JVje3u18FxFujQlTNR2q6QfMSMB7AvCBx91NGj/ba3kCfza0f6dVDbw7YlRf/nDrn7pQrCCyQ/w==}

  evtd@0.2.4:
    resolution: {integrity: sha512-qaeGN5bx63s/AXgQo8gj6fBkxge+OoLddLniox5qtLAEY5HSnuSlISXVPxnSae1dWblvTh4/HoMIB+mbMsvZzw==}

  fdir@6.4.6:
    resolution: {integrity: sha512-hiFoqpyZcfNm1yc4u8oWCf9A2c4D3QjCrks3zmoVKVxpQRzmPNar1hUJcBG2RQHvEVGDN+Jm81ZheVLAQMK6+w==}
    peerDependencies:
      picomatch: ^3 || ^4
    peerDependenciesMeta:
      picomatch:
        optional: true

  fsevents@2.3.3:
    resolution: {integrity: sha512-5xoDfX+fL7faATnagmWPpbFtwh/R77WmMMqqHGS65C3vvB0YHrgF+B1YmZ3441tMj5n63k0212XNoJwzlhffQw==}
    engines: {node: ^8.16.0 || ^10.6.0 || >=11.0.0}
    os: [darwin]

  he@1.2.0:
    resolution: {integrity: sha512-F/1DnUGPopORZi0ni+CvrCgHQ5FyEAHRLSApuYWMmrbSwoN2Mn/7k+Gl38gJnR7yyDZk6WLXwiGod1JOWNDKGw==}
    hasBin: true

  highlight.js@11.11.1:
    resolution: {integrity: sha512-Xwwo44whKBVCYoliBQwaPvtd/2tYFkRQtXDWj1nackaV2JPXx3L0+Jvd8/qCJ2p+ML0/XVkJ2q+Mr+UVdpJK5w==}
    engines: {node: '>=12.0.0'}

  hookable@5.5.3:
    resolution: {integrity: sha512-Yc+BQe8SvoXH1643Qez1zqLRmbA5rCL+sSmk6TVos0LWVfNIB7PGncdlId77WzLGSIB5KaWgTaNTs2lNVEI6VQ==}

  is-what@4.1.16:
    resolution: {integrity: sha512-ZhMwEosbFJkA0YhFnNDgTM4ZxDRsS6HqTo7qsZM08fehyRYIYa0yHu5R6mgo1n/8MgaPBXiPimPD77baVFYg+A==}
    engines: {node: '>=12.13'}

  lightningcss-darwin-arm64@1.30.1:
    resolution: {integrity: sha512-c8JK7hyE65X1MHMN+Viq9n11RRC7hgin3HhYKhrMyaXflk5GVplZ60IxyoVtzILeKr+xAJwg6zK6sjTBJ0FKYQ==}
    engines: {node: '>= 12.0.0'}
    cpu: [arm64]
    os: [darwin]

  lightningcss-darwin-x64@1.30.1:
    resolution: {integrity: sha512-k1EvjakfumAQoTfcXUcHQZhSpLlkAuEkdMBsI/ivWw9hL+7FtilQc0Cy3hrx0AAQrVtQAbMI7YjCgYgvn37PzA==}
    engines: {node: '>= 12.0.0'}
    cpu: [x64]
    os: [darwin]

  lightningcss-freebsd-x64@1.30.1:
    resolution: {integrity: sha512-kmW6UGCGg2PcyUE59K5r0kWfKPAVy4SltVeut+umLCFoJ53RdCUWxcRDzO1eTaxf/7Q2H7LTquFHPL5R+Gjyig==}
    engines: {node: '>= 12.0.0'}
    cpu: [x64]
    os: [freebsd]

  lightningcss-linux-arm-gnueabihf@1.30.1:
    resolution: {integrity: sha512-MjxUShl1v8pit+6D/zSPq9S9dQ2NPFSQwGvxBCYaBYLPlCWuPh9/t1MRS8iUaR8i+a6w7aps+B4N0S1TYP/R+Q==}
    engines: {node: '>= 12.0.0'}
    cpu: [arm]
    os: [linux]

  lightningcss-linux-arm64-gnu@1.30.1:
    resolution: {integrity: sha512-gB72maP8rmrKsnKYy8XUuXi/4OctJiuQjcuqWNlJQ6jZiWqtPvqFziskH3hnajfvKB27ynbVCucKSm2rkQp4Bw==}
    engines: {node: '>= 12.0.0'}
    cpu: [arm64]
    os: [linux]
    libc: [glibc]

  lightningcss-linux-arm64-musl@1.30.1:
    resolution: {integrity: sha512-jmUQVx4331m6LIX+0wUhBbmMX7TCfjF5FoOH6SD1CttzuYlGNVpA7QnrmLxrsub43ClTINfGSYyHe2HWeLl5CQ==}
    engines: {node: '>= 12.0.0'}
    cpu: [arm64]
    os: [linux]
    libc: [musl]

  lightningcss-linux-x64-gnu@1.30.1:
    resolution: {integrity: sha512-piWx3z4wN8J8z3+O5kO74+yr6ze/dKmPnI7vLqfSqI8bccaTGY5xiSGVIJBDd5K5BHlvVLpUB3S2YCfelyJ1bw==}
    engines: {node: '>= 12.0.0'}
    cpu: [x64]
    os: [linux]
    libc: [glibc]

  lightningcss-linux-x64-musl@1.30.1:
    resolution: {integrity: sha512-rRomAK7eIkL+tHY0YPxbc5Dra2gXlI63HL+v1Pdi1a3sC+tJTcFrHX+E86sulgAXeI7rSzDYhPSeHHjqFhqfeQ==}
    engines: {node: '>= 12.0.0'}
    cpu: [x64]
    os: [linux]
    libc: [musl]

  lightningcss-win32-arm64-msvc@1.30.1:
    resolution: {integrity: sha512-mSL4rqPi4iXq5YVqzSsJgMVFENoa4nGTT/GjO2c0Yl9OuQfPsIfncvLrEW6RbbB24WtZ3xP/2CCmI3tNkNV4oA==}
    engines: {node: '>= 12.0.0'}
    cpu: [arm64]
    os: [win32]

  lightningcss-win32-x64-msvc@1.30.1:
    resolution: {integrity: sha512-PVqXh48wh4T53F/1CCu8PIPCxLzWyCnn/9T5W1Jpmdy5h9Cwd+0YQS6/LwhHXSafuc61/xg9Lv5OrCby6a++jg==}
    engines: {node: '>= 12.0.0'}
    cpu: [x64]
    os: [win32]

  lightningcss@1.30.1:
    resolution: {integrity: sha512-xi6IyHML+c9+Q3W0S4fCQJOym42pyurFiJUHEcEyHS0CeKzia4yZDEsLlqOFykxOdHpNy0NmvVO31vcSqAxJCg==}
    engines: {node: '>= 12.0.0'}

  lodash-es@4.17.21:
    resolution: {integrity: sha512-mKnC+QJ9pWVzv+C4/U3rRsHapFfHvQFoFB92e52xeyGMcX6/OlIl78je1u8vePzYZSkkogMPJ2yjxxsb89cxyw==}

  lodash@4.17.21:
    resolution: {integrity: sha512-v2kDEe57lecTulaDIuNTPy3Ry4gLGJ6Z1O3vE1krgXZNrsQ+LFTGHVxVjcXPs17LhbZVGedAJv8XZ1tvj5FvSg==}

  magic-string@0.30.17:
    resolution: {integrity: sha512-sNPKHvyjVf7gyjwS4xGTaW/mCnF8wnjtifKBEhxfZ7E/S8tQ0rssrwGNn6q8JH/ohItJfSQp9mBtQYuTlH5QnA==}

  mitt@3.0.1:
    resolution: {integrity: sha512-vKivATfr97l2/QBCYAkXYDbrIWPM2IIKEl7YPhjCvKlG3kE2gm+uBo6nEXK3M5/Ffh/FLpKExzOQ3JJoJGFKBw==}

  muggle-string@0.4.1:
    resolution: {integrity: sha512-VNTrAak/KhO2i8dqqnqnAHOa3cYBwXEZe9h+D5h/1ZqFSTEFHdM65lR7RoIqq3tBBYavsOXV84NoHXZ0AkPyqQ==}

  naive-ui@2.42.0:
    resolution: {integrity: sha512-c7cXR2YgOjgtBadXHwiWL4Y0tpGLAI5W5QzzHksOi22iuHXoSGMAzdkVTGVPE/PM0MSGQ/JtUIzCx2Y0hU0vTQ==}
    peerDependencies:
      vue: ^3.0.0

  nanoid@3.3.11:
    resolution: {integrity: sha512-N8SpfPUnUp1bK+PMYW8qSWdl9U+wwNWI4QKxOYDy9JAro3WMX7p2OeVRF9v+347pnakNevPmiHhNmZ2HbFA76w==}
    engines: {node: ^10 || ^12 || ^13.7 || ^14 || >=15.0.1}
    hasBin: true

  path-browserify@1.0.1:
    resolution: {integrity: sha512-b7uo2UCUOYZcnF/3ID0lulOJi/bafxa1xPe7ZPsammBSpjSWQkjNxlt635YGS2MiR9GjvuXCtz2emr3jbsz98g==}

  perfect-debounce@1.0.0:
    resolution: {integrity: sha512-xCy9V055GLEqoFaHoC1SoLIaLmWctgCUaBaWxDZ7/Zx4CTyX7cJQLJOok/orfjZAh9kEYpjJa4d0KcJmCbctZA==}

  picocolors@1.1.1:
    resolution: {integrity: sha512-xceH2snhtb5M9liqDsmEw56le376mTZkEX/jEb/RxNFyegNul7eNslCXP9FDj/Lcu0X8KEyMceP2ntpaHrDEVA==}

  picomatch@4.0.3:
    resolution: {integrity: sha512-5gTmgEY/sqK6gFXLIsQNH19lWb4ebPDLA4SdLP7dsWkIXHWlG66oPuVvXSGFPppYZz8ZDZq0dYYrbHfBCVUb1Q==}
    engines: {node: '>=12'}

  pinia@3.0.3:
    resolution: {integrity: sha512-ttXO/InUULUXkMHpTdp9Fj4hLpD/2AoJdmAbAeW2yu1iy1k+pkFekQXw5VpC0/5p51IOR/jDaDRfRWRnMMsGOA==}
    peerDependencies:
      typescript: '>=4.4.4'
      vue: ^2.7.0 || ^3.5.11
    peerDependenciesMeta:
      typescript:
        optional: true

  pinyin-pro@3.26.0:
    resolution: {integrity: sha512-HcBZZb0pvm0/JkPhZHWA5Hqp2cWHXrrW/WrV+OtaYYM+kf35ffvZppIUuGmyuQ7gDr1JDJKMkbEE+GN0wfMoGg==}

  postcss@8.5.6:
    resolution: {integrity: sha512-3Ybi1tAuwAP9s0r1UQ2J4n5Y0G05bJkpUIO0/bI9MhwmD70S5aTWbXGBwxHrelT+XM1k6dM0pk+SwNkpTRN7Pg==}
    engines: {node: ^10 || ^12 || >=14}

  remove-accents@0.5.0:
    resolution: {integrity: sha512-8g3/Otx1eJaVD12e31UbJj1YzdtVvzH85HV7t+9MJYk/u3XmkOUJ5Ys9wQrf9PCPK8+xn4ymzqYCiZl6QWKn+A==}

  rfdc@1.4.1:
    resolution: {integrity: sha512-q1b3N5QkRUWUl7iyylaaj3kOpIT0N2i9MqIEQXP73GVsN9cw3fdx8X63cEmWhJGi2PPCF23Ijp7ktmd39rawIA==}

  rolldown-vite@7.0.11:
    resolution: {integrity: sha512-5C0rxNUIQLnFNJenYieXU1A9RSAbnM7hGFZayIvR/wbU2tiCE/CQ6Z2dIk1msTozZlNrM0nSYeYLM/6VWuMYuA==}
    engines: {node: ^20.19.0 || >=22.12.0}
    hasBin: true
    peerDependencies:
      '@types/node': ^20.19.0 || >=22.12.0
      esbuild: ^0.25.0
      jiti: '>=1.21.0'
      less: ^4.0.0
      sass: ^1.70.0
      sass-embedded: ^1.70.0
      stylus: '>=0.54.8'
      sugarss: ^5.0.0
      terser: ^5.16.0
      tsx: ^4.8.1
      yaml: ^2.4.2
    peerDependenciesMeta:
      '@types/node':
        optional: true
      esbuild:
        optional: true
      jiti:
        optional: true
      less:
        optional: true
      sass:
        optional: true
      sass-embedded:
        optional: true
      stylus:
        optional: true
      sugarss:
        optional: true
      terser:
        optional: true
      tsx:
        optional: true
      yaml:
        optional: true

  rolldown@1.0.0-beta.29:
    resolution: {integrity: sha512-EsoOi8moHN6CAYyTZipxDDVTJn0j2nBCWor4wRU45RQ8ER2qREDykXLr3Ulz6hBh6oBKCFTQIjo21i0FXNo/IA==}
    hasBin: true

  seemly@0.3.10:
    resolution: {integrity: sha512-2+SMxtG1PcsL0uyhkumlOU6Qo9TAQ/WyH7tthnPIOQB05/12jz9naq6GZ6iZ6ApVsO3rr2gsnTf3++OV63kE1Q==}

  sortablejs@1.15.6:
    resolution: {integrity: sha512-aNfiuwMEpfBM/CN6LY0ibyhxPfPbyFeBTYJKCvzkJ2GkUpazIt3H+QIPAMHwqQ7tMKaHz1Qj+rJJCqljnf4p3A==}

  source-map-js@1.2.1:
    resolution: {integrity: sha512-UXWMKhLOwVKb728IUtQPXxfYU+usdybtUrK/8uGE8CQMvrhOpwvzDBwj0QhSL7MQc7vIsISBG8VQ8+IDQxpfQA==}
    engines: {node: '>=0.10.0'}

  speakingurl@14.0.1:
    resolution: {integrity: sha512-1POYv7uv2gXoyGFpBCmpDVSNV74IfsWlDW216UPjbWufNf+bSU6GdbDsxdcxtfwb4xlI3yxzOTKClUosxARYrQ==}
    engines: {node: '>=0.10.0'}

  superjson@2.2.2:
    resolution: {integrity: sha512-5JRxVqC8I8NuOUjzBbvVJAKNM8qoVuH0O77h4WInc/qC2q5IreqKxYwgkga3PfA22OayK2ikceb/B26dztPl+Q==}
    engines: {node: '>=16'}

  tinyglobby@0.2.14:
    resolution: {integrity: sha512-tX5e7OM1HnYr2+a2C/4V0htOcSQcoSTH9KgJnVvNm5zm/cyEWKJ7j7YutsH9CxMdtOkkLFy2AHrMci9IM8IPZQ==}
    engines: {node: '>=12.0.0'}

  treemate@0.3.11:
    resolution: {integrity: sha512-M8RGFoKtZ8dF+iwJfAJTOH/SM4KluKOKRJpjCMhI8bG3qB74zrFoArKZ62ll0Fr3mqkMJiQOmWYkdYgDeITYQg==}

  tslib@2.8.1:
    resolution: {integrity: sha512-oJFu94HQb+KVduSUQL7wnpmqnfmLsOA/nAh6b6EH0wCEoK0/mPeXU6c3wKDV83MkOuHPRHtSXKKU99IBazS/2w==}

  typescript@5.8.3:
    resolution: {integrity: sha512-p1diW6TqL9L07nNxvRMM7hMMw4c5XOo/1ibL4aAIGmSAt9slTE1Xgw5KWuof2uTOvCg9BY7ZRi+GaF+7sfgPeQ==}
    engines: {node: '>=14.17'}
    hasBin: true

  undici-types@6.21.0:
    resolution: {integrity: sha512-iwDZqg0QAGrg9Rav5H4n0M64c3mkR59cJ6wQp+7C4nI0gsmExaedaYLNO44eT4AtBBwjbTiGPMlt2Md0T9H9JQ==}

  vdirs@0.1.8:
    resolution: {integrity: sha512-H9V1zGRLQZg9b+GdMk8MXDN2Lva0zx72MPahDKc30v+DtwKjfyOSXWRIX4t2mhDubM1H09gPhWeth/BJWPHGUw==}
    peerDependencies:
      vue: ^3.0.11

  vooks@0.2.12:
    resolution: {integrity: sha512-iox0I3RZzxtKlcgYaStQYKEzWWGAduMmq+jS7OrNdQo1FgGfPMubGL3uGHOU9n97NIvfFDBGnpSvkWyb/NSn/Q==}
    peerDependencies:
      vue: ^3.0.0

  vscode-uri@3.1.0:
    resolution: {integrity: sha512-/BpdSx+yCQGnCvecbyXdxHDkuk55/G3xwnC0GqY4gmQ3j+A+g8kzzgB4Nk/SINjqn6+waqw3EgbVF2QKExkRxQ==}

  vue-demi@0.14.10:
    resolution: {integrity: sha512-nMZBOwuzabUO0nLgIcc6rycZEebF6eeUfaiQx9+WSk8e29IbLvPU9feI6tqW4kTo3hvoYAJkMh8n8D0fuISphg==}
    engines: {node: '>=12'}
    hasBin: true
    peerDependencies:
      '@vue/composition-api': ^1.0.0-rc.1
      vue: ^3.0.0-0 || ^2.6.0
    peerDependenciesMeta:
      '@vue/composition-api':
        optional: true

  vue-draggable-next@2.2.1:
    resolution: {integrity: sha512-EAMS1IRHF0kZO0o5PMOinsQsXIqsrKT1hKmbICxG3UEtn7zLFkLxlAtajcCcUTisNvQ6TtCB5COjD9a1raNADw==}
    peerDependencies:
      sortablejs: ^1.14.0
      vue: ^3.2.2

  vue-tsc@3.0.4:
    resolution: {integrity: sha512-kZmSEjGtROApVBuaIcoprrXZsFNGon5ggkTJokmhQ/H1hMzCFRPQ0Ed8IHYFsmYJYvHBcdmEQVGVcRuxzPzNbw==}
    hasBin: true
    peerDependencies:
      typescript: '>=5.0.0'

  vue@3.5.18:
    resolution: {integrity: sha512-7W4Y4ZbMiQ3SEo+m9lnoNpV9xG7QVMLa+/0RFwwiAVkeYoyGXqWE85jabU4pllJNUzqfLShJ5YLptewhCWUgNA==}
    peerDependencies:
      typescript: '*'
    peerDependenciesMeta:
      typescript:
        optional: true

  vueuc@0.4.64:
    resolution: {integrity: sha512-wlJQj7fIwKK2pOEoOq4Aro8JdPOGpX8aWQhV8YkTW9OgWD2uj2O8ANzvSsIGjx7LTOc7QbS7sXdxHi6XvRnHPA==}
    peerDependencies:
      vue: ^3.0.11

snapshots:

  '@babel/helper-string-parser@7.27.1': {}

  '@babel/helper-validator-identifier@7.27.1': {}

  '@babel/parser@7.28.0':
    dependencies:
      '@babel/types': 7.28.2

  '@babel/types@7.28.2':
    dependencies:
      '@babel/helper-string-parser': 7.27.1
      '@babel/helper-validator-identifier': 7.27.1

  '@css-render/plugin-bem@0.15.14(css-render@0.15.14)':
    dependencies:
      css-render: 0.15.14

  '@css-render/vue3-ssr@0.15.14(vue@3.5.18(typescript@5.8.3))':
    dependencies:
      vue: 3.5.18(typescript@5.8.3)

  '@emnapi/core@1.4.5':
    dependencies:
      '@emnapi/wasi-threads': 1.0.4
      tslib: 2.8.1
    optional: true

  '@emnapi/runtime@1.4.5':
    dependencies:
      tslib: 2.8.1
    optional: true

  '@emnapi/wasi-threads@1.0.4':
    dependencies:
      tslib: 2.8.1
    optional: true

  '@emotion/hash@0.8.0': {}

  '@jridgewell/sourcemap-codec@1.5.4': {}

  '@juggle/resize-observer@3.4.0': {}

  '@napi-rs/wasm-runtime@1.0.1':
    dependencies:
      '@emnapi/core': 1.4.5
      '@emnapi/runtime': 1.4.5
      '@tybys/wasm-util': 0.10.0
    optional: true

  '@oxc-project/runtime@0.77.3': {}

  '@oxc-project/types@0.77.3': {}

  '@rolldown/binding-android-arm64@1.0.0-beta.29':
    optional: true

  '@rolldown/binding-darwin-arm64@1.0.0-beta.29':
    optional: true

  '@rolldown/binding-darwin-x64@1.0.0-beta.29':
    optional: true

  '@rolldown/binding-freebsd-x64@1.0.0-beta.29':
    optional: true

  '@rolldown/binding-linux-arm-gnueabihf@1.0.0-beta.29':
    optional: true

  '@rolldown/binding-linux-arm64-gnu@1.0.0-beta.29':
    optional: true

  '@rolldown/binding-linux-arm64-musl@1.0.0-beta.29':
    optional: true

  '@rolldown/binding-linux-arm64-ohos@1.0.0-beta.29':
    optional: true

  '@rolldown/binding-linux-x64-gnu@1.0.0-beta.29':
    optional: true

  '@rolldown/binding-linux-x64-musl@1.0.0-beta.29':
    optional: true

  '@rolldown/binding-wasm32-wasi@1.0.0-beta.29':
    dependencies:
      '@napi-rs/wasm-runtime': 1.0.1
    optional: true

  '@rolldown/binding-win32-arm64-msvc@1.0.0-beta.29':
    optional: true

  '@rolldown/binding-win32-ia32-msvc@1.0.0-beta.29':
    optional: true

  '@rolldown/binding-win32-x64-msvc@1.0.0-beta.29':
    optional: true

  '@rolldown/pluginutils@1.0.0-beta.19': {}

  '@rolldown/pluginutils@1.0.0-beta.29': {}

  '@tanstack/match-sorter-utils@8.19.4':
    dependencies:
      remove-accents: 0.5.0

  '@tanstack/query-core@5.83.0': {}

  '@tanstack/vue-query@5.83.0(vue@3.5.18(typescript@5.8.3))':
    dependencies:
      '@tanstack/match-sorter-utils': 8.19.4
      '@tanstack/query-core': 5.83.0
      '@vue/devtools-api': 6.6.4
      vue: 3.5.18(typescript@5.8.3)
      vue-demi: 0.14.10(vue@3.5.18(typescript@5.8.3))

  '@tauri-apps/api@2.7.0': {}

  '@tauri-apps/cli-darwin-arm64@2.7.1':
    optional: true

  '@tauri-apps/cli-darwin-x64@2.7.1':
    optional: true

  '@tauri-apps/cli-linux-arm-gnueabihf@2.7.1':
    optional: true

  '@tauri-apps/cli-linux-arm64-gnu@2.7.1':
    optional: true

  '@tauri-apps/cli-linux-arm64-musl@2.7.1':
    optional: true

  '@tauri-apps/cli-linux-riscv64-gnu@2.7.1':
    optional: true

  '@tauri-apps/cli-linux-x64-gnu@2.7.1':
    optional: true

  '@tauri-apps/cli-linux-x64-musl@2.7.1':
    optional: true

  '@tauri-apps/cli-win32-arm64-msvc@2.7.1':
    optional: true

  '@tauri-apps/cli-win32-ia32-msvc@2.7.1':
    optional: true

  '@tauri-apps/cli-win32-x64-msvc@2.7.1':
    optional: true

  '@tauri-apps/cli@2.7.1':
    optionalDependencies:
      '@tauri-apps/cli-darwin-arm64': 2.7.1
      '@tauri-apps/cli-darwin-x64': 2.7.1
      '@tauri-apps/cli-linux-arm-gnueabihf': 2.7.1
      '@tauri-apps/cli-linux-arm64-gnu': 2.7.1
      '@tauri-apps/cli-linux-arm64-musl': 2.7.1
      '@tauri-apps/cli-linux-riscv64-gnu': 2.7.1
      '@tauri-apps/cli-linux-x64-gnu': 2.7.1
      '@tauri-apps/cli-linux-x64-musl': 2.7.1
      '@tauri-apps/cli-win32-arm64-msvc': 2.7.1
      '@tauri-apps/cli-win32-ia32-msvc': 2.7.1
      '@tauri-apps/cli-win32-x64-msvc': 2.7.1

  '@tauri-apps/plugin-dialog@2.3.1':
    dependencies:
      '@tauri-apps/api': 2.7.0

  '@tauri-apps/plugin-fs@2.4.1':
    dependencies:
      '@tauri-apps/api': 2.7.0

  '@tauri-apps/plugin-opener@2.4.0':
    dependencies:
      '@tauri-apps/api': 2.7.0

  '@tauri-apps/plugin-sql@2.3.0':
    dependencies:
      '@tauri-apps/api': 2.7.0

  '@tybys/wasm-util@0.10.0':
    dependencies:
      tslib: 2.8.1
    optional: true

  '@types/katex@0.16.7': {}

  '@types/lodash-es@4.17.12':
    dependencies:
      '@types/lodash': 4.17.20

  '@types/lodash@4.17.20': {}

  '@types/node@22.16.5':
    dependencies:
      undici-types: 6.21.0

  '@types/web-bluetooth@0.0.21': {}

  '@vitejs/plugin-vue@6.0.0(rolldown-vite@7.0.11(@types/node@22.16.5))(vue@3.5.18(typescript@5.8.3))':
    dependencies:
      '@rolldown/pluginutils': 1.0.0-beta.19
      vite: rolldown-vite@7.0.11(@types/node@22.16.5)
      vue: 3.5.18(typescript@5.8.3)

  '@volar/language-core@2.4.20':
    dependencies:
      '@volar/source-map': 2.4.20

  '@volar/source-map@2.4.20': {}

  '@volar/typescript@2.4.20':
    dependencies:
      '@volar/language-core': 2.4.20
      path-browserify: 1.0.1
      vscode-uri: 3.1.0

  '@vue/compiler-core@3.5.18':
    dependencies:
      '@babel/parser': 7.28.0
      '@vue/shared': 3.5.18
      entities: 4.5.0
      estree-walker: 2.0.2
      source-map-js: 1.2.1

  '@vue/compiler-dom@3.5.18':
    dependencies:
      '@vue/compiler-core': 3.5.18
      '@vue/shared': 3.5.18

  '@vue/compiler-sfc@3.5.18':
    dependencies:
      '@babel/parser': 7.28.0
      '@vue/compiler-core': 3.5.18
      '@vue/compiler-dom': 3.5.18
      '@vue/compiler-ssr': 3.5.18
      '@vue/shared': 3.5.18
      estree-walker: 2.0.2
      magic-string: 0.30.17
      postcss: 8.5.6
      source-map-js: 1.2.1

  '@vue/compiler-ssr@3.5.18':
    dependencies:
      '@vue/compiler-dom': 3.5.18
      '@vue/shared': 3.5.18

  '@vue/compiler-vue2@2.7.16':
    dependencies:
      de-indent: 1.0.2
      he: 1.2.0

  '@vue/devtools-api@6.6.4': {}

  '@vue/devtools-api@7.7.7':
    dependencies:
      '@vue/devtools-kit': 7.7.7

  '@vue/devtools-kit@7.7.7':
    dependencies:
      '@vue/devtools-shared': 7.7.7
      birpc: 2.5.0
      hookable: 5.5.3
      mitt: 3.0.1
      perfect-debounce: 1.0.0
      speakingurl: 14.0.1
      superjson: 2.2.2

  '@vue/devtools-shared@7.7.7':
    dependencies:
      rfdc: 1.4.1

  '@vue/language-core@3.0.4(typescript@5.8.3)':
    dependencies:
      '@volar/language-core': 2.4.20
      '@vue/compiler-dom': 3.5.18
      '@vue/compiler-vue2': 2.7.16
      '@vue/shared': 3.5.18
      alien-signals: 2.0.5
      muggle-string: 0.4.1
      path-browserify: 1.0.1
      picomatch: 4.0.3
    optionalDependencies:
      typescript: 5.8.3

  '@vue/reactivity@3.5.18':
    dependencies:
      '@vue/shared': 3.5.18

  '@vue/runtime-core@3.5.18':
    dependencies:
      '@vue/reactivity': 3.5.18
      '@vue/shared': 3.5.18

  '@vue/runtime-dom@3.5.18':
    dependencies:
      '@vue/reactivity': 3.5.18
      '@vue/runtime-core': 3.5.18
      '@vue/shared': 3.5.18
      csstype: 3.1.3

  '@vue/server-renderer@3.5.18(vue@3.5.18(typescript@5.8.3))':
    dependencies:
      '@vue/compiler-ssr': 3.5.18
      '@vue/shared': 3.5.18
      vue: 3.5.18(typescript@5.8.3)

  '@vue/shared@3.5.18': {}

  '@vueuse/core@13.5.0(vue@3.5.18(typescript@5.8.3))':
    dependencies:
      '@types/web-bluetooth': 0.0.21
      '@vueuse/metadata': 13.5.0
      '@vueuse/shared': 13.5.0(vue@3.5.18(typescript@5.8.3))
      vue: 3.5.18(typescript@5.8.3)

  '@vueuse/metadata@13.5.0': {}

  '@vueuse/shared@13.5.0(vue@3.5.18(typescript@5.8.3))':
    dependencies:
      vue: 3.5.18(typescript@5.8.3)

  alien-signals@2.0.5: {}

  ansis@4.1.0: {}

  async-validator@4.2.5: {}

  birpc@2.5.0: {}

  copy-anything@3.0.5:
    dependencies:
      is-what: 4.1.16

  css-render@0.15.14:
    dependencies:
      '@emotion/hash': 0.8.0
      csstype: 3.0.11

  csstype@3.0.11: {}

  csstype@3.1.3: {}

  date-fns-tz@3.2.0(date-fns@3.6.0):
    dependencies:
      date-fns: 3.6.0

  date-fns@3.6.0: {}

  de-indent@1.0.2: {}

  detect-libc@2.0.4: {}

  entities@4.5.0: {}

  estree-walker@2.0.2: {}

  evtd@0.2.4: {}

  fdir@6.4.6(picomatch@4.0.3):
    optionalDependencies:
      picomatch: 4.0.3

  fsevents@2.3.3:
    optional: true

  he@1.2.0: {}

  highlight.js@11.11.1: {}

  hookable@5.5.3: {}

  is-what@4.1.16: {}

  lightningcss-darwin-arm64@1.30.1:
    optional: true

  lightningcss-darwin-x64@1.30.1:
    optional: true

  lightningcss-freebsd-x64@1.30.1:
    optional: true

  lightningcss-linux-arm-gnueabihf@1.30.1:
    optional: true

  lightningcss-linux-arm64-gnu@1.30.1:
    optional: true

  lightningcss-linux-arm64-musl@1.30.1:
    optional: true

  lightningcss-linux-x64-gnu@1.30.1:
    optional: true

  lightningcss-linux-x64-musl@1.30.1:
    optional: true

  lightningcss-win32-arm64-msvc@1.30.1:
    optional: true

  lightningcss-win32-x64-msvc@1.30.1:
    optional: true

  lightningcss@1.30.1:
    dependencies:
      detect-libc: 2.0.4
    optionalDependencies:
      lightningcss-darwin-arm64: 1.30.1
      lightningcss-darwin-x64: 1.30.1
      lightningcss-freebsd-x64: 1.30.1
      lightningcss-linux-arm-gnueabihf: 1.30.1
      lightningcss-linux-arm64-gnu: 1.30.1
      lightningcss-linux-arm64-musl: 1.30.1
      lightningcss-linux-x64-gnu: 1.30.1
      lightningcss-linux-x64-musl: 1.30.1
      lightningcss-win32-arm64-msvc: 1.30.1
      lightningcss-win32-x64-msvc: 1.30.1

  lodash-es@4.17.21: {}

  lodash@4.17.21: {}

  magic-string@0.30.17:
    dependencies:
      '@jridgewell/sourcemap-codec': 1.5.4

  mitt@3.0.1: {}

  muggle-string@0.4.1: {}

  naive-ui@2.42.0(vue@3.5.18(typescript@5.8.3)):
    dependencies:
      '@css-render/plugin-bem': 0.15.14(css-render@0.15.14)
      '@css-render/vue3-ssr': 0.15.14(vue@3.5.18(typescript@5.8.3))
      '@types/katex': 0.16.7
      '@types/lodash': 4.17.20
      '@types/lodash-es': 4.17.12
      async-validator: 4.2.5
      css-render: 0.15.14
      csstype: 3.1.3
      date-fns: 3.6.0
      date-fns-tz: 3.2.0(date-fns@3.6.0)
      evtd: 0.2.4
      highlight.js: 11.11.1
      lodash: 4.17.21
      lodash-es: 4.17.21
      seemly: 0.3.10
      treemate: 0.3.11
      vdirs: 0.1.8(vue@3.5.18(typescript@5.8.3))
      vooks: 0.2.12(vue@3.5.18(typescript@5.8.3))
      vue: 3.5.18(typescript@5.8.3)
      vueuc: 0.4.64(vue@3.5.18(typescript@5.8.3))

  nanoid@3.3.11: {}

  path-browserify@1.0.1: {}

  perfect-debounce@1.0.0: {}

  picocolors@1.1.1: {}

  picomatch@4.0.3: {}

  pinia@3.0.3(typescript@5.8.3)(vue@3.5.18(typescript@5.8.3)):
    dependencies:
      '@vue/devtools-api': 7.7.7
      vue: 3.5.18(typescript@5.8.3)
    optionalDependencies:
      typescript: 5.8.3

  pinyin-pro@3.26.0: {}

  postcss@8.5.6:
    dependencies:
      nanoid: 3.3.11
      picocolors: 1.1.1
      source-map-js: 1.2.1

  remove-accents@0.5.0: {}

  rfdc@1.4.1: {}

  rolldown-vite@7.0.11(@types/node@22.16.5):
    dependencies:
      fdir: 6.4.6(picomatch@4.0.3)
      lightningcss: 1.30.1
      picomatch: 4.0.3
      postcss: 8.5.6
      rolldown: 1.0.0-beta.29
      tinyglobby: 0.2.14
    optionalDependencies:
      '@types/node': 22.16.5
      fsevents: 2.3.3

  rolldown@1.0.0-beta.29:
    dependencies:
      '@oxc-project/runtime': 0.77.3
      '@oxc-project/types': 0.77.3
      '@rolldown/pluginutils': 1.0.0-beta.29
      ansis: 4.1.0
    optionalDependencies:
      '@rolldown/binding-android-arm64': 1.0.0-beta.29
      '@rolldown/binding-darwin-arm64': 1.0.0-beta.29
      '@rolldown/binding-darwin-x64': 1.0.0-beta.29
      '@rolldown/binding-freebsd-x64': 1.0.0-beta.29
      '@rolldown/binding-linux-arm-gnueabihf': 1.0.0-beta.29
      '@rolldown/binding-linux-arm64-gnu': 1.0.0-beta.29
      '@rolldown/binding-linux-arm64-musl': 1.0.0-beta.29
      '@rolldown/binding-linux-arm64-ohos': 1.0.0-beta.29
      '@rolldown/binding-linux-x64-gnu': 1.0.0-beta.29
      '@rolldown/binding-linux-x64-musl': 1.0.0-beta.29
      '@rolldown/binding-wasm32-wasi': 1.0.0-beta.29
      '@rolldown/binding-win32-arm64-msvc': 1.0.0-beta.29
      '@rolldown/binding-win32-ia32-msvc': 1.0.0-beta.29
      '@rolldown/binding-win32-x64-msvc': 1.0.0-beta.29

  seemly@0.3.10: {}

  sortablejs@1.15.6: {}

  source-map-js@1.2.1: {}

  speakingurl@14.0.1: {}

  superjson@2.2.2:
    dependencies:
      copy-anything: 3.0.5

  tinyglobby@0.2.14:
    dependencies:
      fdir: 6.4.6(picomatch@4.0.3)
      picomatch: 4.0.3

  treemate@0.3.11: {}

  tslib@2.8.1:
    optional: true

  typescript@5.8.3: {}

  undici-types@6.21.0: {}

  vdirs@0.1.8(vue@3.5.18(typescript@5.8.3)):
    dependencies:
      evtd: 0.2.4
      vue: 3.5.18(typescript@5.8.3)

  vooks@0.2.12(vue@3.5.18(typescript@5.8.3)):
    dependencies:
      evtd: 0.2.4
      vue: 3.5.18(typescript@5.8.3)

  vscode-uri@3.1.0: {}

  vue-demi@0.14.10(vue@3.5.18(typescript@5.8.3)):
    dependencies:
      vue: 3.5.18(typescript@5.8.3)

  vue-draggable-next@2.2.1(sortablejs@1.15.6)(vue@3.5.18(typescript@5.8.3)):
    dependencies:
      sortablejs: 1.15.6
      vue: 3.5.18(typescript@5.8.3)

  vue-tsc@3.0.4(typescript@5.8.3):
    dependencies:
      '@volar/typescript': 2.4.20
      '@vue/language-core': 3.0.4(typescript@5.8.3)
      typescript: 5.8.3

  vue@3.5.18(typescript@5.8.3):
    dependencies:
      '@vue/compiler-dom': 3.5.18
      '@vue/compiler-sfc': 3.5.18
      '@vue/runtime-dom': 3.5.18
      '@vue/server-renderer': 3.5.18(vue@3.5.18(typescript@5.8.3))
      '@vue/shared': 3.5.18
    optionalDependencies:
      typescript: 5.8.3

  vueuc@0.4.64(vue@3.5.18(typescript@5.8.3)):
    dependencies:
      '@css-render/vue3-ssr': 0.15.14(vue@3.5.18(typescript@5.8.3))
      '@juggle/resize-observer': 3.4.0
      css-render: 0.15.14
      evtd: 0.2.4
      seemly: 0.3.10
      vdirs: 0.1.8(vue@3.5.18(typescript@5.8.3))
      vooks: 0.2.12(vue@3.5.18(typescript@5.8.3))
      vue: 3.5.18(typescript@5.8.3)
